
Microsoft Visual Studio Solution File, Format Version 12.00
# Visual Studio Version 17
VisualStudioVersion = 17.1.32210.238
MinimumVisualStudioVersion = 10.0.40219.1
Project("{FAE04EC0-301F-11D3-BF4B-00C04F79EFBC}") = "DataSenseApp", "DataSense\DataSenseApp.csproj", "{64E68D48-5FD6-4C48-A316-42239D586680}"
EndProject
Global
	GlobalSection(SolutionConfigurationPlatforms) = preSolution
		Debug|Any CPU = Debug|Any CPU
		Release|Any CPU = Release|Any CPU
	EndGlobalSection
	GlobalSection(ProjectConfigurationPlatforms) = postSolution
		{64E68D48-5FD6-4C48-A316-42239D586680}.Debug|Any CPU.ActiveCfg = Debug|Any CPU
		{64E68D48-5FD6-4C48-A316-42239D586680}.Debug|Any CPU.Build.0 = Debug|Any CPU
		{64E68D48-5FD6-4C48-A316-42239D586680}.Release|Any CPU.ActiveCfg = Release|Any CPU
		{64E68D48-5FD6-4C48-A316-42239D586680}.Release|Any CPU.Build.0 = Release|Any CPU
	EndGlobalSection
	GlobalSection(SolutionProperties) = preSolution
		HideSolutionNode = FALSE
	EndGlobalSection
	GlobalSection(ExtensibilityGlobals) = postSolution
		SolutionGuid = {9B086445-6B7F-4426-9054-A60F45F3BC8B}
	EndGlobalSection
EndGlobal
